
Microsoft Visual Studio Solution File, Format Version 12.00
# Visual Studio 15
VisualStudioVersion = 15.0.28307.271
MinimumVisualStudioVersion = 10.0.40219.1
Project("{FAE04EC0-301F-11D3-BF4B-00C04F79EFBC}") = "Crowe.Api", "Crowe\Crowe.Api.csproj", "{CF988F5C-EA3F-4943-BC4B-9BF98DAEA599}"
EndProject
Project("{FAE04EC0-301F-11D3-BF4B-00C04F79EFBC}") = "Crowe.Console", "Crowe.Console\Crowe.Console.csproj", "{069D59D0-3873-46FB-AB1C-892A4F74E973}"
EndProject
Project("{FAE04EC0-301F-11D3-BF4B-00C04F79EFBC}") = "Crowe.Test", "Crowe.Test\Crowe.Test.csproj", "{1FC05C42-26D7-4065-8B1B-09477256A282}"
EndProject
Global
	GlobalSection(SolutionConfigurationPlatforms) = preSolution
		Debug|Any CPU = Debug|Any CPU
		Release|Any CPU = Release|Any CPU
	EndGlobalSection
	GlobalSection(ProjectConfigurationPlatforms) = postSolution
		{CF988F5C-EA3F-4943-BC4B-9BF98DAEA599}.Debug|Any CPU.ActiveCfg = Debug|Any CPU
		{CF988F5C-EA3F-4943-BC4B-9BF98DAEA599}.Debug|Any CPU.Build.0 = Debug|Any CPU
		{CF988F5C-EA3F-4943-BC4B-9BF98DAEA599}.Release|Any CPU.ActiveCfg = Release|Any CPU
		{CF988F5C-EA3F-4943-BC4B-9BF98DAEA599}.Release|Any CPU.Build.0 = Release|Any CPU
		{069D59D0-3873-46FB-AB1C-892A4F74E973}.Debug|Any CPU.ActiveCfg = Debug|Any CPU
		{069D59D0-3873-46FB-AB1C-892A4F74E973}.Debug|Any CPU.Build.0 = Debug|Any CPU
		{069D59D0-3873-46FB-AB1C-892A4F74E973}.Release|Any CPU.ActiveCfg = Release|Any CPU
		{069D59D0-3873-46FB-AB1C-892A4F74E973}.Release|Any CPU.Build.0 = Release|Any CPU
		{1FC05C42-26D7-4065-8B1B-09477256A282}.Debug|Any CPU.ActiveCfg = Debug|Any CPU
		{1FC05C42-26D7-4065-8B1B-09477256A282}.Debug|Any CPU.Build.0 = Debug|Any CPU
		{1FC05C42-26D7-4065-8B1B-09477256A282}.Release|Any CPU.ActiveCfg = Release|Any CPU
		{1FC05C42-26D7-4065-8B1B-09477256A282}.Release|Any CPU.Build.0 = Release|Any CPU
	EndGlobalSection
	GlobalSection(SolutionProperties) = preSolution
		HideSolutionNode = FALSE
	EndGlobalSection
	GlobalSection(ExtensibilityGlobals) = postSolution
		SolutionGuid = {4560A921-19D4-427D-870C-69E71C11D6DF}
	EndGlobalSection
EndGlobal
